
Microsoft Visual Studio Solution File, Format Version 12.00
# Visual Studio Version 17
VisualStudioVersion = 17.10.35013.160
MinimumVisualStudioVersion = 10.0.40219.1
Project("{FAE04EC0-301F-11D3-BF4B-00C04F79EFBC}") = "PriceListEditor", "PriceListEditor\PriceListEditor.csproj", "{28E40765-585D-4CA8-A5BD-802E7E4C4661}"
EndProject
Project("{FAE04EC0-301F-11D3-BF4B-00C04F79EFBC}") = "DataAccessLayer", "DataAccessLayer\DataAccessLayer.csproj", "{13460A41-31EE-4D47-B129-A6A6496F9F9E}"
EndProject
Global
	GlobalSection(SolutionConfigurationPlatforms) = preSolution
		Debug|Any CPU = Debug|Any CPU
		Release|Any CPU = Release|Any CPU
	EndGlobalSection
	GlobalSection(ProjectConfigurationPlatforms) = postSolution
		{28E40765-585D-4CA8-A5BD-802E7E4C4661}.Debug|Any CPU.ActiveCfg = Debug|Any CPU
		{28E40765-585D-4CA8-A5BD-802E7E4C4661}.Debug|Any CPU.Build.0 = Debug|Any CPU
		{28E40765-585D-4CA8-A5BD-802E7E4C4661}.Release|Any CPU.ActiveCfg = Release|Any CPU
		{28E40765-585D-4CA8-A5BD-802E7E4C4661}.Release|Any CPU.Build.0 = Release|Any CPU
		{13460A41-31EE-4D47-B129-A6A6496F9F9E}.Debug|Any CPU.ActiveCfg = Debug|Any CPU
		{13460A41-31EE-4D47-B129-A6A6496F9F9E}.Debug|Any CPU.Build.0 = Debug|Any CPU
		{13460A41-31EE-4D47-B129-A6A6496F9F9E}.Release|Any CPU.ActiveCfg = Release|Any CPU
		{13460A41-31EE-4D47-B129-A6A6496F9F9E}.Release|Any CPU.Build.0 = Release|Any CPU
	EndGlobalSection
	GlobalSection(SolutionProperties) = preSolution
		HideSolutionNode = FALSE
	EndGlobalSection
	GlobalSection(ExtensibilityGlobals) = postSolution
		SolutionGuid = {34D98817-4C04-46A6-98E3-0FEC89DB579D}
	EndGlobalSection
EndGlobal
