
Microsoft Visual Studio Solution File, Format Version 12.00
# Visual Studio Version 17
VisualStudioVersion = 17.4.33205.214
MinimumVisualStudioVersion = 10.0.40219.1
Project("{FAE04EC0-301F-11D3-BF4B-00C04F79EFBC}") = "ConsoleApp1", "ConsoleApp1\ConsoleApp1.csproj", "{71DE4128-51AA-4887-8BF6-8C9AB1214729}"
EndProject
Global
	GlobalSection(SolutionConfigurationPlatforms) = preSolution
		Debug|Any CPU = Debug|Any CPU
		Release|Any CPU = Release|Any CPU
	EndGlobalSection
	GlobalSection(ProjectConfigurationPlatforms) = postSolution
		{71DE4128-51AA-4887-8BF6-8C9AB1214729}.Debug|Any CPU.ActiveCfg = Debug|Any CPU
		{71DE4128-51AA-4887-8BF6-8C9AB1214729}.Debug|Any CPU.Build.0 = Debug|Any CPU
		{71DE4128-51AA-4887-8BF6-8C9AB1214729}.Release|Any CPU.ActiveCfg = Release|Any CPU
		{71DE4128-51AA-4887-8BF6-8C9AB1214729}.Release|Any CPU.Build.0 = Release|Any CPU
	EndGlobalSection
	GlobalSection(SolutionProperties) = preSolution
		HideSolutionNode = FALSE
	EndGlobalSection
	GlobalSection(ExtensibilityGlobals) = postSolution
		SolutionGuid = {D23A4FD8-02EA-4A90-98A2-14FEF849CF68}
	EndGlobalSection
EndGlobal
